
Microsoft Visual Studio Solution File, Format Version 12.00
# Visual Studio Version 17
VisualStudioVersion = 17.0.31903.59
MinimumVisualStudioVersion = 10.0.40219.1
Project("{FAE04EC0-301F-11D3-BF4B-00C04F79EFBC}") = "LanRemote.Host", "LanRemote.Host\LanRemote.Host.csproj", "{323081E1-544C-4822-8EF3-52D87970C3F1}"
EndProject
Project("{FAE04EC0-301F-11D3-BF4B-00C04F79EFBC}") = "LanRemote.Viewer", "LanRemote.Viewer\LanRemote.Viewer.csproj", "{2C812C16-DC7E-4F5C-8997-8CEB8709C6AD}"
EndProject
Project("{FAE04EC0-301F-11D3-BF4B-00C04F79EFBC}") = "LanRemote.Core", "LanRemote.Core\LanRemote.Core.csproj", "{7BCCF484-8ADE-41F2-A362-6B8D9E15AC69}"
EndProject
Global
	GlobalSection(SolutionConfigurationPlatforms) = preSolution
		Debug|Any CPU = Debug|Any CPU
		Release|Any CPU = Release|Any CPU
	EndGlobalSection
	GlobalSection(SolutionProperties) = preSolution
		HideSolutionNode = FALSE
	EndGlobalSection
	GlobalSection(ProjectConfigurationPlatforms) = postSolution
		{323081E1-544C-4822-8EF3-52D87970C3F1}.Debug|Any CPU.ActiveCfg = Debug|Any CPU
		{323081E1-544C-4822-8EF3-52D87970C3F1}.Debug|Any CPU.Build.0 = Debug|Any CPU
		{323081E1-544C-4822-8EF3-52D87970C3F1}.Release|Any CPU.ActiveCfg = Release|Any CPU
		{323081E1-544C-4822-8EF3-52D87970C3F1}.Release|Any CPU.Build.0 = Release|Any CPU
		{2C812C16-DC7E-4F5C-8997-8CEB8709C6AD}.Debug|Any CPU.ActiveCfg = Debug|Any CPU
		{2C812C16-DC7E-4F5C-8997-8CEB8709C6AD}.Debug|Any CPU.Build.0 = Debug|Any CPU
		{2C812C16-DC7E-4F5C-8997-8CEB8709C6AD}.Release|Any CPU.ActiveCfg = Release|Any CPU
		{2C812C16-DC7E-4F5C-8997-8CEB8709C6AD}.Release|Any CPU.Build.0 = Release|Any CPU
		{7BCCF484-8ADE-41F2-A362-6B8D9E15AC69}.Debug|Any CPU.ActiveCfg = Debug|Any CPU
		{7BCCF484-8ADE-41F2-A362-6B8D9E15AC69}.Debug|Any CPU.Build.0 = Debug|Any CPU
		{7BCCF484-8ADE-41F2-A362-6B8D9E15AC69}.Release|Any CPU.ActiveCfg = Release|Any CPU
		{7BCCF484-8ADE-41F2-A362-6B8D9E15AC69}.Release|Any CPU.Build.0 = Release|Any CPU
	EndGlobalSection
EndGlobal
